<?xml version="1.0" encoding="utf-8"?>
<Project ToolsVersion="4.0" xmlns="http://schemas.microsoft.com/developer/msbuild/2003">
  <ItemGroup>
    <ClInclude Include="Engine\Buffer\Buffer.h">
      <Filter>Rendering</Filter>
    </ClInclude>
    <ClInclude Include="Engine\Buffer\ConstantBuffer.h">
      <Filter>Rendering</Filter>
    </ClInclude>
    <ClInclude Include="Engine\Buffer\DepthBuffer.h">
      <Filter>Rendering</Filter>
    </ClInclude>
    <ClInclude Include="Engine\Buffer\IndexBuffer.h">
      <Filter>Rendering</Filter>
    </ClInclude>
    <ClInclude Include="Engine\Buffer\ShaderResourceBuffer.h">
      <Filter>Rendering</Filter>
    </ClInclude>
    <ClInclude Include="Engine\Buffer\VertexBuffer.h">
      <Filter>Rendering</Filter>
    </ClInclude>
    <ClInclude Include="Engine\Camera\Camera.h" />
    <ClInclude Include="Engine\Camera\Skybox.h">
      <Filter>Rendering</Filter>
    </ClInclude>
    <ClInclude Include="Engine\Effect\Effect.h">
      <Filter>Rendering</Filter>
    </ClInclude>
    <ClInclude Include="Engine\Effect\InputLayout.h">
      <Filter>Rendering</Filter>
    </ClInclude>
    <ClInclude Include="Engine\Effect\PixelShader.h">
      <Filter>Rendering</Filter>
    </ClInclude>
    <ClInclude Include="Engine\Effect\Shader.h">
      <Filter>Rendering</Filter>
    </ClInclude>
    <ClInclude Include="Engine\Effect\StandardEffect.h">
      <Filter>Rendering</Filter>
    </ClInclude>
    <ClInclude Include="Engine\Effect\VertexShader.h">
      <Filter>Rendering</Filter>
    </ClInclude>
    <ClInclude Include="Engine\Model\AssimpModel.h">
      <Filter>Rendering</Filter>
    </ClInclude>
    <ClInclude Include="Engine\Model\CubeModel.h">
      <Filter>Rendering</Filter>
    </ClInclude>
    <ClInclude Include="Engine\Model\Mesh.h">
      <Filter>Rendering</Filter>
    </ClInclude>
    <ClInclude Include="Engine\Model\Model.h">
      <Filter>Rendering</Filter>
    </ClInclude>
    <ClInclude Include="Engine\Model\ModelBatch.h">
      <Filter>Rendering</Filter>
    </ClInclude>
    <ClInclude Include="Engine\Model\ModelInstance.h">
      <Filter>Rendering</Filter>
    </ClInclude>
    <ClInclude Include="Engine\Model\PlaneModel.h">
      <Filter>Rendering</Filter>
    </ClInclude>
    <ClInclude Include="Engine\Model\TriangleModel.h">
      <Filter>Rendering</Filter>
    </ClInclude>
    <ClInclude Include="Engine\Rendering\DXRenderer.h">
      <Filter>Rendering</Filter>
    </ClInclude>
    <ClInclude Include="Engine\Rendering\ModelRenderer.h">
      <Filter>Rendering</Filter>
    </ClInclude>
    <ClInclude Include="Engine\Rendering\SpriteRenderer.h">
      <Filter>Rendering</Filter>
    </ClInclude>
    <ClInclude Include="Engine\Scene\Scene.h" />
    <ClInclude Include="Engine\Texture\dds.h">
      <Filter>Rendering</Filter>
    </ClInclude>
    <ClInclude Include="Engine\Texture\DDSTextureLoader.h">
      <Filter>Rendering</Filter>
    </ClInclude>
    <ClInclude Include="Engine\Texture\Texture.h">
      <Filter>Rendering</Filter>
    </ClInclude>
    <ClInclude Include="Engine\Texture\TextureDebugger.h">
      <Filter>Rendering</Filter>
    </ClInclude>
    <ClInclude Include="Engine\Texture\TextureLoader.h">
      <Filter>Rendering</Filter>
    </ClInclude>
    <ClInclude Include="Engine\Time\Stopwatch.h">
      <Filter>Utilities</Filter>
    </ClInclude>
    <ClInclude Include="Engine\Time\Time.h">
      <Filter>Utilities</Filter>
    </ClInclude>
    <ClInclude Include="Engine\Window\Window.h" />
    <ClInclude Include="Engine\Window\WindowMessage.h" />
    <ClInclude Include="Engine\Window\WindowMessageType.h" />
    <ClInclude Include="Engine\Window\WindowsWindow.h" />
    <ClInclude Include="Engine\BoundingBox.h">
      <Filter>Utilities</Filter>
    </ClInclude>
    <ClInclude Include="Engine\CommonIncludes.h" />
    <ClInclude Include="Engine\Engine.h" />
    <ClInclude Include="Engine\LightConstantBufferData.h" />
    <ClInclude Include="Engine\PostMaster.h">
      <Filter>PostMaster</Filter>
    </ClInclude>
    <ClInclude Include="Engine\Size.h" />
    <ClInclude Include="Engine\StringFormatter.h" />
    <ClInclude Include="stdafx.h" />
    <ClInclude Include="Engine\Resources\ResourceManager.h" />
    <ClInclude Include="Engine\FileWatcher\FileChangedEvent.h" />
    <ClInclude Include="Engine\FileWatcher\FileChangeWatcher.h" />
    <ClInclude Include="Engine\Input\KeyboardKey.h" />
    <ClInclude Include="Engine\Input\KeyMessages.h" />
    <ClInclude Include="Engine\Texture\RenderTexture.h">
      <Filter>Rendering</Filter>
    </ClInclude>
    <ClInclude Include="Engine\DXHelpers\DirectXHelpers.h">
      <Filter>Rendering</Filter>
    </ClInclude>
    <ClInclude Include="Engine\DXHelpers\PlatformHelpers.h">
      <Filter>Rendering</Filter>
    </ClInclude>
    <ClInclude Include="Engine\GameObject\GameObject.h">
      <Filter>GameObjects</Filter>
    </ClInclude>
    <ClInclude Include="Engine\Debugging\CommandLineParameters.h" />
    <ClInclude Include="Engine\Debugging\DebugLogger.h" />
    <ClInclude Include="Engine\Vertex\SimpleVertex.h">
      <Filter>Rendering</Filter>
    </ClInclude>
    <ClInclude Include="Engine\Vertex\Vertex.h">
      <Filter>Rendering</Filter>
    </ClInclude>
    <ClInclude Include="Engine\Vertex\VertexPosColUV.h">
      <Filter>Rendering</Filter>
    </ClInclude>
    <ClInclude Include="Engine\Model\Surface.h" />
    <ClInclude Include="Engine\Sprite\SpriteShape.h" />
    <ClInclude Include="Engine\Sprite\SpriteVertex.h">
      <Filter>Rendering</Filter>
    </ClInclude>
    <ClInclude Include="Engine\Sprite\SpriteEffect.h" />
    <ClInclude Include="Engine\Sprite\Sprite.h" />
    <ClInclude Include="Engine\Sprite\QuadSpriteShape.h" />
    <ClInclude Include="Engine\SplashScreen\SplashScreenEffect.h" />
    <ClInclude Include="Engine\SplashScreen\SplashScreenScene.h" />
    <ClInclude Include="Engine\Imgui\imgui_impl_dx11.h" />
    <ClInclude Include="Engine\Debugging\Debugger.h" />
    <ClInclude Include="Engine\Component\BaseComponent.h" />
    <ClInclude Include="Engine\Component\ModelComponent.h" />
    <ClInclude Include="Engine\Component\Factory\ComponentFactory.h" />
    <ClInclude Include="Engine\Component\Factory\BaseComponentFactory.h" />
    <ClInclude Include="Engine\Component\LightComponent.h" />
    <ClInclude Include="Engine\Component\Pointer\SharedPtrComponent.h" />
    <ClInclude Include="Engine\DataParser\DataParser.h" />
    <ClInclude Include="Engine\DataParser\rapidjson\error\en.h" />
    <ClInclude Include="Engine\DataParser\rapidjson\error\error.h" />
    <ClInclude Include="Engine\DataParser\rapidjson\internal\biginteger.h" />
    <ClInclude Include="Engine\DataParser\rapidjson\internal\diyfp.h" />
    <ClInclude Include="Engine\DataParser\rapidjson\internal\dtoa.h" />
    <ClInclude Include="Engine\DataParser\rapidjson\internal\ieee754.h" />
    <ClInclude Include="Engine\DataParser\rapidjson\internal\itoa.h" />
    <ClInclude Include="Engine\DataParser\rapidjson\internal\meta.h" />
    <ClInclude Include="Engine\DataParser\rapidjson\internal\pow10.h" />
    <ClInclude Include="Engine\DataParser\rapidjson\internal\stack.h" />
    <ClInclude Include="Engine\DataParser\rapidjson\internal\strfunc.h" />
    <ClInclude Include="Engine\DataParser\rapidjson\internal\strtod.h" />
    <ClInclude Include="Engine\DataParser\rapidjson\internal\swap.h" />
    <ClInclude Include="Engine\DataParser\rapidjson\msinttypes\inttypes.h" />
    <ClInclude Include="Engine\DataParser\rapidjson\msinttypes\stdint.h" />
    <ClInclude Include="Engine\DataParser\rapidjson\allocators.h" />
    <ClInclude Include="Engine\DataParser\rapidjson\document.h" />
    <ClInclude Include="Engine\DataParser\rapidjson\encodedstream.h" />
    <ClInclude Include="Engine\DataParser\rapidjson\encodings.h" />
    <ClInclude Include="Engine\DataParser\rapidjson\filereadstream.h" />
    <ClInclude Include="Engine\DataParser\rapidjson\filewritestream.h" />
    <ClInclude Include="Engine\DataParser\rapidjson\memorybuffer.h" />
    <ClInclude Include="Engine\DataParser\rapidjson\memorystream.h" />
    <ClInclude Include="Engine\DataParser\rapidjson\pointer.h" />
    <ClInclude Include="Engine\DataParser\rapidjson\prettywriter.h" />
    <ClInclude Include="Engine\DataParser\rapidjson\rapidjson.h" />
    <ClInclude Include="Engine\DataParser\rapidjson\reader.h" />
    <ClInclude Include="Engine\DataParser\rapidjson\stringbuffer.h" />
    <ClInclude Include="Engine\DataParser\rapidjson\writer.h" />
    <ClInclude Include="Engine\Texture\TextureCube.h" />
  </ItemGroup>
  <ItemGroup>
    <ClCompile Include="Engine\Buffer\Buffer.cpp">
      <Filter>Rendering</Filter>
    </ClCompile>
    <ClCompile Include="Engine\Buffer\ConstantBuffer.cpp">
      <Filter>Rendering</Filter>
    </ClCompile>
    <ClCompile Include="Engine\Buffer\DepthBuffer.cpp">
      <Filter>Rendering</Filter>
    </ClCompile>
    <ClCompile Include="Engine\Buffer\IndexBuffer.cpp">
      <Filter>Rendering</Filter>
    </ClCompile>
    <ClCompile Include="Engine\Buffer\ShaderResourceBuffer.cpp">
      <Filter>Rendering</Filter>
    </ClCompile>
    <ClCompile Include="Engine\Buffer\VertexBuffer.cpp">
      <Filter>Rendering</Filter>
    </ClCompile>
    <ClCompile Include="Engine\Camera\Camera.cpp" />
    <ClCompile Include="Engine\Camera\Skybox.cpp">
      <Filter>Rendering</Filter>
    </ClCompile>
    <ClCompile Include="Engine\Effect\Effect.cpp">
      <Filter>Rendering</Filter>
    </ClCompile>
    <ClCompile Include="Engine\Effect\InputLayout.cpp">
      <Filter>Rendering</Filter>
    </ClCompile>
    <ClCompile Include="Engine\Effect\PixelShader.cpp">
      <Filter>Rendering</Filter>
    </ClCompile>
    <ClCompile Include="Engine\Effect\Shader.cpp">
      <Filter>Rendering</Filter>
    </ClCompile>
    <ClCompile Include="Engine\Effect\StandardEffect.cpp">
      <Filter>Rendering</Filter>
    </ClCompile>
    <ClCompile Include="Engine\Effect\VertexShader.cpp">
      <Filter>Rendering</Filter>
    </ClCompile>
    <ClCompile Include="Engine\Model\AssimpModel.cpp">
      <Filter>Rendering</Filter>
    </ClCompile>
    <ClCompile Include="Engine\Model\CubeModel.cpp">
      <Filter>Rendering</Filter>
    </ClCompile>
    <ClCompile Include="Engine\Model\Mesh.cpp">
      <Filter>Rendering</Filter>
    </ClCompile>
    <ClCompile Include="Engine\Model\Model.cpp">
      <Filter>Rendering</Filter>
    </ClCompile>
    <ClCompile Include="Engine\Model\ModelBatch.cpp">
      <Filter>Rendering</Filter>
    </ClCompile>
    <ClCompile Include="Engine\Model\ModelInstance.cpp">
      <Filter>Rendering</Filter>
    </ClCompile>
    <ClCompile Include="Engine\Model\PlaneModel.cpp">
      <Filter>Rendering</Filter>
    </ClCompile>
    <ClCompile Include="Engine\Model\TriangleModel.cpp">
      <Filter>Rendering</Filter>
    </ClCompile>
    <ClCompile Include="Engine\Rendering\DXRenderer.cpp">
      <Filter>Rendering</Filter>
    </ClCompile>
    <ClCompile Include="Engine\Rendering\ModelRenderer.cpp">
      <Filter>Rendering</Filter>
    </ClCompile>
    <ClCompile Include="Engine\Rendering\SpriteRenderer.cpp">
      <Filter>Rendering</Filter>
    </ClCompile>
    <ClCompile Include="Engine\Scene\Scene.cpp" />
    <ClCompile Include="Engine\Texture\DDSTextureLoader.cpp">
      <Filter>Rendering</Filter>
    </ClCompile>
    <ClCompile Include="Engine\Texture\Texture.cpp">
      <Filter>Rendering</Filter>
    </ClCompile>
    <ClCompile Include="Engine\Texture\TextureDebugger.cpp">
      <Filter>Rendering</Filter>
    </ClCompile>
    <ClCompile Include="Engine\Texture\TextureLoader.cpp">
      <Filter>Rendering</Filter>
    </ClCompile>
    <ClCompile Include="Engine\Time\Stopwatch.cpp">
      <Filter>Utilities</Filter>
    </ClCompile>
    <ClCompile Include="Engine\Window\Window.cpp" />
    <ClCompile Include="Engine\Window\WindowsWindow.cpp" />
    <ClCompile Include="Engine\Engine.cpp" />
    <ClCompile Include="stdafx.cpp" />
    <ClCompile Include="Engine\Resources\ResourceManager.cpp" />
    <ClCompile Include="Engine\FileWatcher\FileChangedEvent.cpp" />
    <ClCompile Include="Engine\FileWatcher\FileChangeWatcher.cpp" />
    <ClCompile Include="Engine\Texture\RenderTexture.cpp">
      <Filter>Rendering</Filter>
    </ClCompile>
    <ClCompile Include="Engine\GameObject\GameObject.cpp">
      <Filter>GameObjects</Filter>
    </ClCompile>
    <ClCompile Include="Engine\Debugging\CommandLineParameters.cpp" />
    <ClCompile Include="Engine\Debugging\DebugLogger.cpp" />
    <ClCompile Include="Engine\Model\Surface.cpp" />
    <ClCompile Include="Engine\Sprite\SpriteShape.cpp" />
    <ClCompile Include="Engine\Sprite\SpriteEffect.cpp" />
    <ClCompile Include="Engine\Sprite\Sprite.cpp" />
    <ClCompile Include="Engine\Sprite\QuadSpriteShape.cpp" />
    <ClCompile Include="Engine\SplashScreen\SplashScreenEffect.cpp" />
    <ClCompile Include="Engine\SplashScreen\SplashScreenScene.cpp" />
    <ClCompile Include="Engine\Imgui\imgui_impl_dx11.cpp" />
    <ClCompile Include="Engine\Debugging\Debugger.cpp" />
    <ClCompile Include="Engine\Component\BaseComponent.cpp" />
    <ClCompile Include="Engine\Component\ModelComponent.cpp" />
    <ClCompile Include="Engine\Component\LightComponent.cpp" />
    <ClCompile Include="Engine\DataParser\DataParser.cpp" />
    <ClCompile Include="Engine\Texture\TextureCube.cpp" />
  </ItemGroup>
  <ItemGroup>
    <Filter Include="GameObjects">
      <UniqueIdentifier>{e575af88-297e-4af4-9aed-230f90652816}</UniqueIdentifier>
    </Filter>
    <Filter Include="Rendering">
      <UniqueIdentifier>{5b128140-d6a3-4198-97da-6143e9d957db}</UniqueIdentifier>
    </Filter>
    <Filter Include="Utilities">
      <UniqueIdentifier>{8bfdc100-5c8f-4ed3-8360-200107fc3fcc}</UniqueIdentifier>
    </Filter>
    <Filter Include="PostMaster">
      <UniqueIdentifier>{5ede3819-4343-4daa-a253-5a7f1c85d57a}</UniqueIdentifier>
    </Filter>
  </ItemGroup>
</Project>