<?xml version="1.0" encoding="utf-8"?>
<Project ToolsVersion="4.0" xmlns="http://schemas.microsoft.com/developer/msbuild/2003">
  <ItemGroup>
    <ClInclude Include="stdafx.h" />
    <ClInclude Include="Window.h" />
    <ClInclude Include="WindowMessage.h" />
    <ClInclude Include="WindowMessageType.h" />
    <ClInclude Include="WindowsWindow.h" />
    <ClInclude Include="Size.h" />
    <ClInclude Include="CommonIncludes.h" />
    <ClInclude Include="Engine.h" />
    <ClInclude Include="Camera.h" />
    <ClInclude Include="Scene.h" />
    <ClInclude Include="KeyboardKey.h" />
    <ClInclude Include="FileChangeWatcher.h" />
    <ClInclude Include="GameObject.h">
      <Filter>GameObjects</Filter>
    </ClInclude>
    <ClInclude Include="ResourceManager.h" />
    <ClInclude Include="StateContainer.h" />
    <ClInclude Include="AssimpModel.h">
      <Filter>Rendering</Filter>
    </ClInclude>
    <ClInclude Include="Buffer.h">
      <Filter>Rendering</Filter>
    </ClInclude>
    <ClInclude Include="ConstantBuffer.h">
      <Filter>Rendering</Filter>
    </ClInclude>
    <ClInclude Include="CubeModel.h">
      <Filter>Rendering</Filter>
    </ClInclude>
    <ClInclude Include="dds.h">
      <Filter>Rendering</Filter>
    </ClInclude>
    <ClInclude Include="DDSTextureLoader.h">
      <Filter>Rendering</Filter>
    </ClInclude>
    <ClInclude Include="DepthBuffer.h">
      <Filter>Rendering</Filter>
    </ClInclude>
    <ClInclude Include="DirectXHelpers.h">
      <Filter>Rendering</Filter>
    </ClInclude>
    <ClInclude Include="DXRenderer.h">
      <Filter>Rendering</Filter>
    </ClInclude>
    <ClInclude Include="Effect.h">
      <Filter>Rendering</Filter>
    </ClInclude>
    <ClInclude Include="IndexBuffer.h">
      <Filter>Rendering</Filter>
    </ClInclude>
    <ClInclude Include="InputLayout.h">
      <Filter>Rendering</Filter>
    </ClInclude>
    <ClInclude Include="Mesh.h">
      <Filter>Rendering</Filter>
    </ClInclude>
    <ClInclude Include="Model.h">
      <Filter>Rendering</Filter>
    </ClInclude>
    <ClInclude Include="ModelBatch.h">
      <Filter>Rendering</Filter>
    </ClInclude>
    <ClInclude Include="ModelInstance.h">
      <Filter>Rendering</Filter>
    </ClInclude>
    <ClInclude Include="ModelRenderer.h">
      <Filter>Rendering</Filter>
    </ClInclude>
    <ClInclude Include="PixelShader.h">
      <Filter>Rendering</Filter>
    </ClInclude>
    <ClInclude Include="PlaneModel.h">
      <Filter>Rendering</Filter>
    </ClInclude>
    <ClInclude Include="PlatformHelpers.h">
      <Filter>Rendering</Filter>
    </ClInclude>
    <ClInclude Include="RenderTexture.h">
      <Filter>Rendering</Filter>
    </ClInclude>
    <ClInclude Include="Shader.h">
      <Filter>Rendering</Filter>
    </ClInclude>
    <ClInclude Include="ShaderResourceBuffer.h">
      <Filter>Rendering</Filter>
    </ClInclude>
    <ClInclude Include="SimpleVertex.h">
      <Filter>Rendering</Filter>
    </ClInclude>
    <ClInclude Include="Skybox.h">
      <Filter>Rendering</Filter>
    </ClInclude>
    <ClInclude Include="SpriteRenderer.h">
      <Filter>Rendering</Filter>
    </ClInclude>
    <ClInclude Include="SpriteVertex.h">
      <Filter>Rendering</Filter>
    </ClInclude>
    <ClInclude Include="StandardEffect.h">
      <Filter>Rendering</Filter>
    </ClInclude>
    <ClInclude Include="Texture.h">
      <Filter>Rendering</Filter>
    </ClInclude>
    <ClInclude Include="TextureDebugger.h">
      <Filter>Rendering</Filter>
    </ClInclude>
    <ClInclude Include="TextureLoader.h">
      <Filter>Rendering</Filter>
    </ClInclude>
    <ClInclude Include="TriangleModel.h">
      <Filter>Rendering</Filter>
    </ClInclude>
    <ClInclude Include="VertexBuffer.h">
      <Filter>Rendering</Filter>
    </ClInclude>
    <ClInclude Include="VertexPosColUV.h">
      <Filter>Rendering</Filter>
    </ClInclude>
    <ClInclude Include="VertexShader.h">
      <Filter>Rendering</Filter>
    </ClInclude>
    <ClInclude Include="BoundingBox.h">
      <Filter>Utilities</Filter>
    </ClInclude>
    <ClInclude Include="Matrix33.h">
      <Filter>Utilities</Filter>
    </ClInclude>
    <ClInclude Include="Matrix44.h">
      <Filter>Utilities</Filter>
    </ClInclude>
    <ClInclude Include="Stopwatch.h">
      <Filter>Utilities</Filter>
    </ClInclude>
    <ClInclude Include="Time.h">
      <Filter>Utilities</Filter>
    </ClInclude>
    <ClInclude Include="Vector2.h">
      <Filter>Utilities</Filter>
    </ClInclude>
    <ClInclude Include="Vector3.h">
      <Filter>Utilities</Filter>
    </ClInclude>
    <ClInclude Include="Vector4.h">
      <Filter>Utilities</Filter>
    </ClInclude>
    <ClInclude Include="Vertex.h">
      <Filter>Rendering</Filter>
    </ClInclude>
    <ClInclude Include="PostMaster.h">
      <Filter>PostMaster</Filter>
    </ClInclude>
    <ClInclude Include="FileChangedEvent.h" />
    <ClInclude Include="DebugLogger.h" />
    <ClInclude Include="StringFormatter.h" />
    <ClInclude Include="CommandLineParameters.h" />
  </ItemGroup>
  <ItemGroup>
    <ClCompile Include="stdafx.cpp" />
    <ClCompile Include="Window.cpp" />
    <ClCompile Include="WindowsWindow.cpp" />
    <ClCompile Include="Engine.cpp" />
    <ClCompile Include="Camera.cpp" />
    <ClCompile Include="Scene.cpp" />
    <ClCompile Include="FileChangeWatcher.cpp" />
    <ClCompile Include="GameObject.cpp">
      <Filter>GameObjects</Filter>
    </ClCompile>
    <ClCompile Include="ResourceManager.cpp" />
    <ClCompile Include="AssimpModel.cpp">
      <Filter>Rendering</Filter>
    </ClCompile>
    <ClCompile Include="Buffer.cpp">
      <Filter>Rendering</Filter>
    </ClCompile>
    <ClCompile Include="ConstantBuffer.cpp">
      <Filter>Rendering</Filter>
    </ClCompile>
    <ClCompile Include="CubeModel.cpp">
      <Filter>Rendering</Filter>
    </ClCompile>
    <ClCompile Include="DDSTextureLoader.cpp">
      <Filter>Rendering</Filter>
    </ClCompile>
    <ClCompile Include="DepthBuffer.cpp">
      <Filter>Rendering</Filter>
    </ClCompile>
    <ClCompile Include="DXRenderer.cpp">
      <Filter>Rendering</Filter>
    </ClCompile>
    <ClCompile Include="Effect.cpp">
      <Filter>Rendering</Filter>
    </ClCompile>
    <ClCompile Include="IndexBuffer.cpp">
      <Filter>Rendering</Filter>
    </ClCompile>
    <ClCompile Include="InputLayout.cpp">
      <Filter>Rendering</Filter>
    </ClCompile>
    <ClCompile Include="Mesh.cpp">
      <Filter>Rendering</Filter>
    </ClCompile>
    <ClCompile Include="Model.cpp">
      <Filter>Rendering</Filter>
    </ClCompile>
    <ClCompile Include="ModelBatch.cpp">
      <Filter>Rendering</Filter>
    </ClCompile>
    <ClCompile Include="ModelInstance.cpp">
      <Filter>Rendering</Filter>
    </ClCompile>
    <ClCompile Include="ModelRenderer.cpp">
      <Filter>Rendering</Filter>
    </ClCompile>
    <ClCompile Include="PixelShader.cpp">
      <Filter>Rendering</Filter>
    </ClCompile>
    <ClCompile Include="PlaneModel.cpp">
      <Filter>Rendering</Filter>
    </ClCompile>
    <ClCompile Include="RenderTexture.cpp">
      <Filter>Rendering</Filter>
    </ClCompile>
    <ClCompile Include="Shader.cpp">
      <Filter>Rendering</Filter>
    </ClCompile>
    <ClCompile Include="ShaderResourceBuffer.cpp">
      <Filter>Rendering</Filter>
    </ClCompile>
    <ClCompile Include="Skybox.cpp">
      <Filter>Rendering</Filter>
    </ClCompile>
    <ClCompile Include="SpriteRenderer.cpp">
      <Filter>Rendering</Filter>
    </ClCompile>
    <ClCompile Include="StandardEffect.cpp">
      <Filter>Rendering</Filter>
    </ClCompile>
    <ClCompile Include="Texture.cpp">
      <Filter>Rendering</Filter>
    </ClCompile>
    <ClCompile Include="TextureDebugger.cpp">
      <Filter>Rendering</Filter>
    </ClCompile>
    <ClCompile Include="TextureLoader.cpp">
      <Filter>Rendering</Filter>
    </ClCompile>
    <ClCompile Include="TriangleModel.cpp">
      <Filter>Rendering</Filter>
    </ClCompile>
    <ClCompile Include="VertexBuffer.cpp">
      <Filter>Rendering</Filter>
    </ClCompile>
    <ClCompile Include="VertexShader.cpp">
      <Filter>Rendering</Filter>
    </ClCompile>
    <ClCompile Include="Stopwatch.cpp">
      <Filter>Utilities</Filter>
    </ClCompile>
    <ClCompile Include="FileChangedEvent.cpp" />
    <ClCompile Include="DebugLogger.cpp" />
    <ClCompile Include="CommandLineParameters.cpp" />
  </ItemGroup>
  <ItemGroup>
    <Filter Include="GameObjects">
      <UniqueIdentifier>{e575af88-297e-4af4-9aed-230f90652816}</UniqueIdentifier>
    </Filter>
    <Filter Include="Rendering">
      <UniqueIdentifier>{5b128140-d6a3-4198-97da-6143e9d957db}</UniqueIdentifier>
    </Filter>
    <Filter Include="Utilities">
      <UniqueIdentifier>{8bfdc100-5c8f-4ed3-8360-200107fc3fcc}</UniqueIdentifier>
    </Filter>
    <Filter Include="PostMaster">
      <UniqueIdentifier>{5ede3819-4343-4daa-a253-5a7f1c85d57a}</UniqueIdentifier>
    </Filter>
  </ItemGroup>
</Project>