<?xml version="1.0" encoding="utf-8"?>
<Project ToolsVersion="4.0" xmlns="http://schemas.microsoft.com/developer/msbuild/2003">
  <ItemGroup>
    <ClInclude Include="stdafx.h" />
    <ClInclude Include="Window.h" />
    <ClInclude Include="WindowMessage.h" />
    <ClInclude Include="WindowMessageType.h" />
    <ClInclude Include="WindowsWindow.h" />
    <ClInclude Include="Size.h" />
    <ClInclude Include="CommonIncludes.h" />
    <ClInclude Include="Engine.h" />
    <ClInclude Include="DXRenderer.h" />
    <ClInclude Include="VertexBuffer.h" />
    <ClInclude Include="SimpleVertex.h" />
    <ClInclude Include="Shader.h" />
    <ClInclude Include="VertexShader.h" />
    <ClInclude Include="PixelShader.h" />
    <ClInclude Include="Effect.h" />
    <ClInclude Include="InputLayout.h" />
    <ClInclude Include="Vector3.h" />
    <ClInclude Include="Vector4.h" />
    <ClInclude Include="Vector2.h" />
    <ClInclude Include="Model.h" />
    <ClInclude Include="TriangleModel.h" />
    <ClInclude Include="ModelInstance.h" />
    <ClInclude Include="Buffer.h" />
    <ClInclude Include="ConstantBuffer.h" />
    <ClInclude Include="ShaderResourceBuffer.h" />
    <ClInclude Include="Matrix33.h" />
    <ClInclude Include="Matrix44.h" />
    <ClInclude Include="IndexBuffer.h" />
    <ClInclude Include="CubeModel.h" />
    <ClInclude Include="VertexPosColUV.h" />
    <ClInclude Include="Texture.h" />
    <ClInclude Include="DDSTextureLoader.h" />
    <ClInclude Include="DirectXHelpers.h" />
    <ClInclude Include="PlatformHelpers.h" />
    <ClInclude Include="dds.h" />
    <ClInclude Include="Camera.h" />
    <ClInclude Include="Stopwatch.h" />
    <ClInclude Include="Time.h" />
    <ClInclude Include="PlaneModel.h" />
    <ClInclude Include="Skybox.h" />
    <ClInclude Include="RenderTexture.h" />
    <ClInclude Include="TextureDebugger.h" />
    <ClInclude Include="SpriteVertex.h" />
    <ClInclude Include="DepthBuffer.h" />
    <ClInclude Include="ModelRenderer.h" />
    <ClInclude Include="ModelBatch.h" />
    <ClInclude Include="SpriteRenderer.h" />
    <ClInclude Include="AssimpModel.h" />
    <ClInclude Include="Mesh.h" />
    <ClInclude Include="BoundingBox.h" />
    <ClInclude Include="Vertex.h" />
    <ClInclude Include="Scene.h" />
    <ClInclude Include="StandardEffect.h" />
  </ItemGroup>
  <ItemGroup>
    <ClCompile Include="stdafx.cpp" />
    <ClCompile Include="Window.cpp" />
    <ClCompile Include="WindowsWindow.cpp" />
    <ClCompile Include="Engine.cpp" />
    <ClCompile Include="DXRenderer.cpp" />
    <ClCompile Include="VertexBuffer.cpp" />
    <ClCompile Include="Shader.cpp" />
    <ClCompile Include="VertexShader.cpp" />
    <ClCompile Include="PixelShader.cpp" />
    <ClCompile Include="Effect.cpp" />
    <ClCompile Include="InputLayout.cpp" />
    <ClCompile Include="Model.cpp" />
    <ClCompile Include="TriangleModel.cpp" />
    <ClCompile Include="ModelInstance.cpp" />
    <ClCompile Include="Buffer.cpp" />
    <ClCompile Include="ConstantBuffer.cpp" />
    <ClCompile Include="ShaderResourceBuffer.cpp" />
    <ClCompile Include="IndexBuffer.cpp" />
    <ClCompile Include="CubeModel.cpp" />
    <ClCompile Include="Texture.cpp" />
    <ClCompile Include="DDSTextureLoader.cpp" />
    <ClCompile Include="Camera.cpp" />
    <ClCompile Include="Stopwatch.cpp" />
    <ClCompile Include="PlaneModel.cpp" />
    <ClCompile Include="Skybox.cpp" />
    <ClCompile Include="RenderTexture.cpp" />
    <ClCompile Include="TextureDebugger.cpp" />
    <ClCompile Include="DepthBuffer.cpp" />
    <ClCompile Include="ModelRenderer.cpp" />
    <ClCompile Include="ModelBatch.cpp" />
    <ClCompile Include="SpriteRenderer.cpp" />
    <ClCompile Include="AssimpModel.cpp" />
    <ClCompile Include="Mesh.cpp" />
    <ClCompile Include="StandardEffect.cpp" />
    <ClCompile Include="Scene.cpp" />
  </ItemGroup>
</Project>