<?xml version="1.0" encoding="utf-8"?>
<Project ToolsVersion="4.0" xmlns="http://schemas.microsoft.com/developer/msbuild/2003">
  <ItemGroup>
    <Filter Include="Common">
      <UniqueIdentifier>{5F09568D-9380-F247-968A-209364D2760E}</UniqueIdentifier>
    </Filter>
  </ItemGroup>
  <ItemGroup>
    <ClInclude Include="stdafx.h" />
    <ClInclude Include="AkIOThread.h" />
    <ClInclude Include="AkPlatformStreamingDefaults.h" />
    <ClInclude Include="..\Common\AkBuddyBlockPool.h">
      <Filter>Common</Filter>
    </ClInclude>
    <ClInclude Include="..\Common\AkDeviceBase.h">
      <Filter>Common</Filter>
    </ClInclude>
    <ClInclude Include="..\Common\AkDeviceBlocking.h">
      <Filter>Common</Filter>
    </ClInclude>
    <ClInclude Include="..\Common\AkDeviceDeferredLinedUp.h">
      <Filter>Common</Filter>
    </ClInclude>
    <ClInclude Include="..\Common\AkIOMemMgr.h">
      <Filter>Common</Filter>
    </ClInclude>
    <ClInclude Include="..\Common\AkStmDeferredLinedUpBase.h">
      <Filter>Common</Filter>
    </ClInclude>
    <ClInclude Include="..\Common\AkStmMemView.h">
      <Filter>Common</Filter>
    </ClInclude>
    <ClInclude Include="..\Common\AkStreamingDefaults.h">
      <Filter>Common</Filter>
    </ClInclude>
    <ClInclude Include="..\Common\AkStreamMgr.h">
      <Filter>Common</Filter>
    </ClInclude>
    <ClInclude Include="..\Common\AkTransferDeferred.h">
      <Filter>Common</Filter>
    </ClInclude>
  </ItemGroup>
  <ItemGroup>
    <ClCompile Include="stdafx.cpp" />
    <ClCompile Include="AkIOThread.cpp" />
    <ClCompile Include="..\Common\AkDeviceBase.cpp">
      <Filter>Common</Filter>
    </ClCompile>
    <ClCompile Include="..\Common\AkDeviceBlocking.cpp">
      <Filter>Common</Filter>
    </ClCompile>
    <ClCompile Include="..\Common\AkDeviceDeferredLinedUp.cpp">
      <Filter>Common</Filter>
    </ClCompile>
    <ClCompile Include="..\Common\AkIOMemMgr.cpp">
      <Filter>Common</Filter>
    </ClCompile>
    <ClCompile Include="..\Common\AkStreamMgr.cpp">
      <Filter>Common</Filter>
    </ClCompile>
    <ClCompile Include="..\Common\AkTransferDeferred.cpp">
      <Filter>Common</Filter>
    </ClCompile>
  </ItemGroup>
</Project>
