<?xml version="1.0" encoding="utf-8"?>
<Project ToolsVersion="4.0" xmlns="http://schemas.microsoft.com/developer/msbuild/2003">
  <ItemGroup>
    <ClInclude Include="stdafx.h" />
    <ClInclude Include="Utilities\Math\Matrix33.h" />
    <ClInclude Include="Utilities\Math\Matrix44.h" />
    <ClInclude Include="Utilities\Math\Quaternion.h" />
    <ClInclude Include="Utilities\Math\Vector2.h" />
    <ClInclude Include="Utilities\Math\Vector3.h" />
    <ClInclude Include="Utilities\Math\Vector4.h" />
    <ClInclude Include="Utilities\CommonIncludes.h" />
    <ClInclude Include="Utilities\Container\GrowingArray.h" />
    <ClInclude Include="Utilities\UniqeIdentifier.h" />
    <ClInclude Include="Utilities\Pointer\SharedPtr.h" />
    <ClInclude Include="Utilities\Container\Stack.h" />
  </ItemGroup>
  <ItemGroup>
    <ClCompile Include="stdafx.cpp" />
    <ClCompile Include="Utilities\Math\Quaternion.cpp" />
  </ItemGroup>
</Project>