Microsoft Visual Studio Solution File, Format Version 12.00
# Visual Studio 2013
VisualStudioVersion = 12.0.30501.0
MinimumVisualStudioVersion = 10.0.40219.1
Project("{8BC9CEB8-8B4A-11D0-8D11-00A0C91BC942}") = "AkDelay", "Sources\WwisePlugin\AkDelay_vc120.vcxproj", "{90AE26F0-0A9E-4262-A29B-39AC584DD410}"
EndProject
Project("{8BC9CEB8-8B4A-11D0-8D11-00A0C91BC942}") = "AkDelayFX", "Sources\AudioEngineFX\Win32\AkDelayFXWindows_vc120.vcxproj", "{35928E67-D9D9-2F2B-F634-85102AF2854E}"
EndProject
Global
	GlobalSection(SolutionConfigurationPlatforms) = preSolution
		Debug|Win32 = Debug|Win32
		Debug|x64 = Debug|x64
		Release|Win32 = Release|Win32
		Release|x64 = Release|x64
	EndGlobalSection
	GlobalSection(ProjectConfigurationPlatforms) = postSolution
		{90AE26F0-0A9E-4262-A29B-39AC584DD410}.Debug|Win32.ActiveCfg = Debug|Win32
		{90AE26F0-0A9E-4262-A29B-39AC584DD410}.Debug|Win32.Build.0 = Debug|Win32
		{90AE26F0-0A9E-4262-A29B-39AC584DD410}.Debug|x64.ActiveCfg = Debug|x64
		{90AE26F0-0A9E-4262-A29B-39AC584DD410}.Debug|x64.Build.0 = Debug|x64
		{90AE26F0-0A9E-4262-A29B-39AC584DD410}.Release|Win32.ActiveCfg = Release|Win32
		{90AE26F0-0A9E-4262-A29B-39AC584DD410}.Release|Win32.Build.0 = Release|Win32
		{90AE26F0-0A9E-4262-A29B-39AC584DD410}.Release|x64.ActiveCfg = Release|x64
		{90AE26F0-0A9E-4262-A29B-39AC584DD410}.Release|x64.Build.0 = Release|x64
		{35928E67-D9D9-2F2B-F634-85102AF2854E}.Debug|Win32.ActiveCfg = Debug|Win32
		{35928E67-D9D9-2F2B-F634-85102AF2854E}.Debug|Win32.Build.0 = Debug|Win32
		{35928E67-D9D9-2F2B-F634-85102AF2854E}.Debug|x64.ActiveCfg = Debug|x64
		{35928E67-D9D9-2F2B-F634-85102AF2854E}.Debug|x64.Build.0 = Debug|x64
		{35928E67-D9D9-2F2B-F634-85102AF2854E}.Release|Win32.ActiveCfg = Profile|Win32
		{35928E67-D9D9-2F2B-F634-85102AF2854E}.Release|Win32.Build.0 = Profile|Win32
		{35928E67-D9D9-2F2B-F634-85102AF2854E}.Release|x64.ActiveCfg = Profile|x64
		{35928E67-D9D9-2F2B-F634-85102AF2854E}.Release|x64.Build.0 = Profile|x64
	EndGlobalSection
	GlobalSection(SolutionProperties) = preSolution
		HideSolutionNode = FALSE
	EndGlobalSection
EndGlobal
