<?xml version="1.0" encoding="utf-8"?>
<Project ToolsVersion="4.0" xmlns="http://schemas.microsoft.com/developer/msbuild/2003">
  <ItemGroup>
    <Filter Include="Source Files">
      <UniqueIdentifier>{4FC737F1-C7A5-4376-A066-2A32D752A2FF}</UniqueIdentifier>
      <Extensions>cpp;c;cxx;def;odl;idl;hpj;bat;asm;asmx</Extensions>
    </Filter>
    <Filter Include="Source Files\Plug-in">
      <UniqueIdentifier>{789a66c9-ec8d-443c-b5a4-f631957f2e18}</UniqueIdentifier>
    </Filter>
    <Filter Include="Source Files\Dll Interface">
      <UniqueIdentifier>{1d4aa984-0231-4906-8043-956f950b3514}</UniqueIdentifier>
    </Filter>
    <Filter Include="Source Files\Dialogs">
      <UniqueIdentifier>{af2616c7-2739-49b1-9979-e4272f539cc6}</UniqueIdentifier>
    </Filter>
    <Filter Include="Source Files\Common">
      <UniqueIdentifier>{14a1f638-8bbb-4b84-83f3-0b3992c75658}</UniqueIdentifier>
    </Filter>
    <Filter Include="Header Files">
      <UniqueIdentifier>{93995380-89BD-4b04-88EB-625FBE52EBFB}</UniqueIdentifier>
      <Extensions>h;hpp;hxx;hm;inl;inc;xsd</Extensions>
    </Filter>
    <Filter Include="Resource Files">
      <UniqueIdentifier>{67DA6AB6-F800-4c08-8B7A-83BB121AAD01}</UniqueIdentifier>
      <Extensions>rc;ico;cur;bmp;dlg;rc2;rct;bin;rgs;gif;jpg;jpeg;jpe;resx</Extensions>
    </Filter>
  </ItemGroup>
  <ItemGroup>
    <ClCompile Include="stdafx.cpp">
      <Filter>Source Files</Filter>
    </ClCompile>
    <ClCompile Include="Subversion.cpp">
      <Filter>Source Files</Filter>
    </ClCompile>
    <ClCompile Include="SubversionPool.cpp">
      <Filter>Source Files\Plug-in</Filter>
    </ClCompile>
    <ClCompile Include="SubversionSourceControl.cpp">
      <Filter>Source Files\Plug-in</Filter>
    </ClCompile>
    <ClCompile Include="DllInterface.cpp">
      <Filter>Source Files\Dll Interface</Filter>
    </ClCompile>
    <ClCompile Include="DlgCommitMessage.cpp">
      <Filter>Source Files\Dialogs</Filter>
    </ClCompile>
    <ClCompile Include="DlgConfiguration.cpp">
      <Filter>Source Files\Dialogs</Filter>
    </ClCompile>
    <ClCompile Include="DlgLockMessage.cpp">
      <Filter>Source Files\Dialogs</Filter>
    </ClCompile>
    <ClCompile Include="DlgOnCreateModify.cpp">
      <Filter>Source Files\Dialogs</Filter>
    </ClCompile>
    <ClCompile Include="DlgRename.cpp">
      <Filter>Source Files\Dialogs</Filter>
    </ClCompile>
    <ClCompile Include="..\Common\OperationResults.cpp">
      <Filter>Source Files\Common</Filter>
    </ClCompile>
    <ClCompile Include="..\Common\SourceControlHelpers.cpp">
      <Filter>Source Files\Common</Filter>
    </ClCompile>
  </ItemGroup>
  <ItemGroup>
    <None Include="Subversion.def">
      <Filter>Source Files</Filter>
    </None>
    <None Include="res\Subversion.rc2">
      <Filter>Resource Files</Filter>
    </None>
  </ItemGroup>
  <ItemGroup>
    <ClInclude Include="SubversionPool.h">
      <Filter>Source Files\Plug-in</Filter>
    </ClInclude>
    <ClInclude Include="SubversionSourceControl.h">
      <Filter>Source Files\Plug-in</Filter>
    </ClInclude>
    <ClInclude Include="DlgCommitMessage.h">
      <Filter>Source Files\Dialogs</Filter>
    </ClInclude>
    <ClInclude Include="DlgConfiguration.h">
      <Filter>Source Files\Dialogs</Filter>
    </ClInclude>
    <ClInclude Include="DlgLockMessage.h">
      <Filter>Source Files\Dialogs</Filter>
    </ClInclude>
    <ClInclude Include="DlgOnCreateModify.h">
      <Filter>Source Files\Dialogs</Filter>
    </ClInclude>
    <ClInclude Include="DlgRename.h">
      <Filter>Source Files\Dialogs</Filter>
    </ClInclude>
    <ClInclude Include="..\Common\OperationResults.h">
      <Filter>Source Files\Common</Filter>
    </ClInclude>
    <ClInclude Include="..\Common\SourceControlHelpers.h">
      <Filter>Source Files\Common</Filter>
    </ClInclude>
    <ClInclude Include="Resource.h">
      <Filter>Header Files</Filter>
    </ClInclude>
    <ClInclude Include="stdafx.h">
      <Filter>Header Files</Filter>
    </ClInclude>
    <ClInclude Include="Subversion.h">
      <Filter>Header Files</Filter>
    </ClInclude>
  </ItemGroup>
  <ItemGroup>
    <ResourceCompile Include="Subversion.rc">
      <Filter>Resource Files</Filter>
    </ResourceCompile>
  </ItemGroup>
  <ItemGroup>
    <Image Include="SubversionStatus_Add.ico">
      <Filter>Resource Files</Filter>
    </Image>
    <Image Include="SubversionStatus_Modified.ico">
      <Filter>Resource Files</Filter>
    </Image>
    <Image Include="SubversionStatus_Normal.ico">
      <Filter>Resource Files</Filter>
    </Image>
  </ItemGroup>
</Project>