
Microsoft Visual Studio Solution File, Format Version 12.00
# Visual Studio 14
VisualStudioVersion = 14.0.25420.1
MinimumVisualStudioVersion = 10.0.40219.1
Project("{8BC9CEB8-8B4A-11D0-8D11-00A0C91BC942}") = "Application", "Application\Application.vcxproj", "{EFE09952-F4A0-4334-8E51-04E5E5DCB565}"
EndProject
Project("{8BC9CEB8-8B4A-11D0-8D11-00A0C91BC942}") = "Engine", "Engine\Engine.vcxproj", "{FE8F8BDE-C4E9-4F36-BDFC-EC51D159EE3F}"
	ProjectSection(ProjectDependencies) = postProject
		{92D34133-88E5-4FE3-BFE2-96E8A9B316F3} = {92D34133-88E5-4FE3-BFE2-96E8A9B316F3}
	EndProjectSection
EndProject
Project("{8BC9CEB8-8B4A-11D0-8D11-00A0C91BC942}") = "Game", "Game\Game.vcxproj", "{AF116DC0-4F8E-4629-A7FC-79317DFC0BE4}"
EndProject
Project("{8BC9CEB8-8B4A-11D0-8D11-00A0C91BC942}") = "ModelLoader", "ModelLoader\ModelLoader.vcxproj", "{1F6E6E52-A1A6-4E1C-AE3B-7CB5437256B9}"
	ProjectSection(ProjectDependencies) = postProject
		{92D34133-88E5-4FE3-BFE2-96E8A9B316F3} = {92D34133-88E5-4FE3-BFE2-96E8A9B316F3}
	EndProjectSection
EndProject
Project("{8BC9CEB8-8B4A-11D0-8D11-00A0C91BC942}") = "Utilities", "Utilities\Utilities.vcxproj", "{92D34133-88E5-4FE3-BFE2-96E8A9B316F3}"
EndProject
Global
	GlobalSection(SolutionConfigurationPlatforms) = preSolution
		Debug|x64 = Debug|x64
		Debug|x86 = Debug|x86
		Publish|x64 = Publish|x64
		Publish|x86 = Publish|x86
		Release|x64 = Release|x64
		Release|x86 = Release|x86
	EndGlobalSection
	GlobalSection(ProjectConfigurationPlatforms) = postSolution
		{EFE09952-F4A0-4334-8E51-04E5E5DCB565}.Debug|x64.ActiveCfg = Debug|x64
		{EFE09952-F4A0-4334-8E51-04E5E5DCB565}.Debug|x64.Build.0 = Debug|x64
		{EFE09952-F4A0-4334-8E51-04E5E5DCB565}.Debug|x86.ActiveCfg = Debug|Win32
		{EFE09952-F4A0-4334-8E51-04E5E5DCB565}.Debug|x86.Build.0 = Debug|Win32
		{EFE09952-F4A0-4334-8E51-04E5E5DCB565}.Publish|x64.ActiveCfg = Publish|x64
		{EFE09952-F4A0-4334-8E51-04E5E5DCB565}.Publish|x64.Build.0 = Publish|x64
		{EFE09952-F4A0-4334-8E51-04E5E5DCB565}.Publish|x86.ActiveCfg = Publish|Win32
		{EFE09952-F4A0-4334-8E51-04E5E5DCB565}.Publish|x86.Build.0 = Publish|Win32
		{EFE09952-F4A0-4334-8E51-04E5E5DCB565}.Release|x64.ActiveCfg = Release|x64
		{EFE09952-F4A0-4334-8E51-04E5E5DCB565}.Release|x64.Build.0 = Release|x64
		{EFE09952-F4A0-4334-8E51-04E5E5DCB565}.Release|x86.ActiveCfg = Release|Win32
		{EFE09952-F4A0-4334-8E51-04E5E5DCB565}.Release|x86.Build.0 = Release|Win32
		{FE8F8BDE-C4E9-4F36-BDFC-EC51D159EE3F}.Debug|x64.ActiveCfg = Debug|x64
		{FE8F8BDE-C4E9-4F36-BDFC-EC51D159EE3F}.Debug|x64.Build.0 = Debug|x64
		{FE8F8BDE-C4E9-4F36-BDFC-EC51D159EE3F}.Debug|x86.ActiveCfg = Debug|Win32
		{FE8F8BDE-C4E9-4F36-BDFC-EC51D159EE3F}.Debug|x86.Build.0 = Debug|Win32
		{FE8F8BDE-C4E9-4F36-BDFC-EC51D159EE3F}.Publish|x64.ActiveCfg = Publish|x64
		{FE8F8BDE-C4E9-4F36-BDFC-EC51D159EE3F}.Publish|x64.Build.0 = Publish|x64
		{FE8F8BDE-C4E9-4F36-BDFC-EC51D159EE3F}.Publish|x86.ActiveCfg = Publish|Win32
		{FE8F8BDE-C4E9-4F36-BDFC-EC51D159EE3F}.Publish|x86.Build.0 = Publish|Win32
		{FE8F8BDE-C4E9-4F36-BDFC-EC51D159EE3F}.Release|x64.ActiveCfg = Release|x64
		{FE8F8BDE-C4E9-4F36-BDFC-EC51D159EE3F}.Release|x64.Build.0 = Release|x64
		{FE8F8BDE-C4E9-4F36-BDFC-EC51D159EE3F}.Release|x86.ActiveCfg = Release|Win32
		{FE8F8BDE-C4E9-4F36-BDFC-EC51D159EE3F}.Release|x86.Build.0 = Release|Win32
		{AF116DC0-4F8E-4629-A7FC-79317DFC0BE4}.Debug|x64.ActiveCfg = Debug|x64
		{AF116DC0-4F8E-4629-A7FC-79317DFC0BE4}.Debug|x64.Build.0 = Debug|x64
		{AF116DC0-4F8E-4629-A7FC-79317DFC0BE4}.Debug|x86.ActiveCfg = Debug|Win32
		{AF116DC0-4F8E-4629-A7FC-79317DFC0BE4}.Debug|x86.Build.0 = Debug|Win32
		{AF116DC0-4F8E-4629-A7FC-79317DFC0BE4}.Publish|x64.ActiveCfg = Publish|x64
		{AF116DC0-4F8E-4629-A7FC-79317DFC0BE4}.Publish|x64.Build.0 = Publish|x64
		{AF116DC0-4F8E-4629-A7FC-79317DFC0BE4}.Publish|x86.ActiveCfg = Publish|Win32
		{AF116DC0-4F8E-4629-A7FC-79317DFC0BE4}.Publish|x86.Build.0 = Publish|Win32
		{AF116DC0-4F8E-4629-A7FC-79317DFC0BE4}.Release|x64.ActiveCfg = Release|x64
		{AF116DC0-4F8E-4629-A7FC-79317DFC0BE4}.Release|x64.Build.0 = Release|x64
		{AF116DC0-4F8E-4629-A7FC-79317DFC0BE4}.Release|x86.ActiveCfg = Release|Win32
		{AF116DC0-4F8E-4629-A7FC-79317DFC0BE4}.Release|x86.Build.0 = Release|Win32
		{1F6E6E52-A1A6-4E1C-AE3B-7CB5437256B9}.Debug|x64.ActiveCfg = Debug|x64
		{1F6E6E52-A1A6-4E1C-AE3B-7CB5437256B9}.Debug|x64.Build.0 = Debug|x64
		{1F6E6E52-A1A6-4E1C-AE3B-7CB5437256B9}.Debug|x86.ActiveCfg = Debug|Win32
		{1F6E6E52-A1A6-4E1C-AE3B-7CB5437256B9}.Debug|x86.Build.0 = Debug|Win32
		{1F6E6E52-A1A6-4E1C-AE3B-7CB5437256B9}.Publish|x64.ActiveCfg = Release|x64
		{1F6E6E52-A1A6-4E1C-AE3B-7CB5437256B9}.Publish|x64.Build.0 = Release|x64
		{1F6E6E52-A1A6-4E1C-AE3B-7CB5437256B9}.Publish|x86.ActiveCfg = Release|Win32
		{1F6E6E52-A1A6-4E1C-AE3B-7CB5437256B9}.Publish|x86.Build.0 = Release|Win32
		{1F6E6E52-A1A6-4E1C-AE3B-7CB5437256B9}.Release|x64.ActiveCfg = Release|x64
		{1F6E6E52-A1A6-4E1C-AE3B-7CB5437256B9}.Release|x64.Build.0 = Release|x64
		{1F6E6E52-A1A6-4E1C-AE3B-7CB5437256B9}.Release|x86.ActiveCfg = Release|Win32
		{1F6E6E52-A1A6-4E1C-AE3B-7CB5437256B9}.Release|x86.Build.0 = Release|Win32
		{92D34133-88E5-4FE3-BFE2-96E8A9B316F3}.Debug|x64.ActiveCfg = Debug|x64
		{92D34133-88E5-4FE3-BFE2-96E8A9B316F3}.Debug|x64.Build.0 = Debug|x64
		{92D34133-88E5-4FE3-BFE2-96E8A9B316F3}.Debug|x86.ActiveCfg = Debug|Win32
		{92D34133-88E5-4FE3-BFE2-96E8A9B316F3}.Debug|x86.Build.0 = Debug|Win32
		{92D34133-88E5-4FE3-BFE2-96E8A9B316F3}.Publish|x64.ActiveCfg = Release|x64
		{92D34133-88E5-4FE3-BFE2-96E8A9B316F3}.Publish|x64.Build.0 = Release|x64
		{92D34133-88E5-4FE3-BFE2-96E8A9B316F3}.Publish|x86.ActiveCfg = Release|Win32
		{92D34133-88E5-4FE3-BFE2-96E8A9B316F3}.Publish|x86.Build.0 = Release|Win32
		{92D34133-88E5-4FE3-BFE2-96E8A9B316F3}.Release|x64.ActiveCfg = Release|x64
		{92D34133-88E5-4FE3-BFE2-96E8A9B316F3}.Release|x64.Build.0 = Release|x64
		{92D34133-88E5-4FE3-BFE2-96E8A9B316F3}.Release|x86.ActiveCfg = Release|Win32
		{92D34133-88E5-4FE3-BFE2-96E8A9B316F3}.Release|x86.Build.0 = Release|Win32
	EndGlobalSection
	GlobalSection(SolutionProperties) = preSolution
		HideSolutionNode = FALSE
	EndGlobalSection
EndGlobal
