<?xml version="1.0" encoding="utf-8"?>
<Project ToolsVersion="4.0" xmlns="http://schemas.microsoft.com/developer/msbuild/2003">
  <ItemGroup>
    <Filter Include="Source Files">
      <UniqueIdentifier>{4FC737F1-C7A5-4376-A066-2A32D752A2FF}</UniqueIdentifier>
      <Extensions>cpp;c;cxx;def;odl;idl;hpj;bat;asm;asmx</Extensions>
    </Filter>
    <Filter Include="Source Files\Plugin">
      <UniqueIdentifier>{29c9c944-f287-4843-aece-e81cf9d0c572}</UniqueIdentifier>
    </Filter>
    <Filter Include="Source Files\Dialogs">
      <UniqueIdentifier>{dbdbe02d-313f-412b-882e-60b6d110d4a3}</UniqueIdentifier>
    </Filter>
    <Filter Include="Source Files\Dll Interface">
      <UniqueIdentifier>{da1e2f71-00cf-4951-95a8-d46270a67a0f}</UniqueIdentifier>
    </Filter>
    <Filter Include="Source Files\Common">
      <UniqueIdentifier>{fe2fee5d-9ed1-44d5-b928-f906ac063036}</UniqueIdentifier>
    </Filter>
    <Filter Include="Header Files">
      <UniqueIdentifier>{93995380-89BD-4b04-88EB-625FBE52EBFB}</UniqueIdentifier>
      <Extensions>h;hpp;hxx;hm;inl;inc;xsd</Extensions>
    </Filter>
    <Filter Include="Resource Files">
      <UniqueIdentifier>{67DA6AB6-F800-4c08-8B7A-83BB121AAD01}</UniqueIdentifier>
      <Extensions>rc;ico;cur;bmp;dlg;rc2;rct;bin;rgs;gif;jpg;jpeg;jpe;resx</Extensions>
    </Filter>
  </ItemGroup>
  <ItemGroup>
    <None Include="Perforce.def">
      <Filter>Source Files</Filter>
    </None>
    <None Include="res\Perforce.rc2">
      <Filter>Resource Files</Filter>
    </None>
  </ItemGroup>
  <ItemGroup>
    <ClCompile Include="PerforcePlugin.cpp">
      <Filter>Source Files</Filter>
    </ClCompile>
    <ClCompile Include="stdafx.cpp">
      <Filter>Source Files</Filter>
    </ClCompile>
    <ClCompile Include="PerforceClientUser.cpp">
      <Filter>Source Files\Plugin</Filter>
    </ClCompile>
    <ClCompile Include="PerforceSourceControl.cpp">
      <Filter>Source Files\Plugin</Filter>
    </ClCompile>
    <ClCompile Include="PerforceUtility.cpp">
      <Filter>Source Files\Plugin</Filter>
    </ClCompile>
    <ClCompile Include="DlgPerforceConfig.cpp">
      <Filter>Source Files\Dialogs</Filter>
    </ClCompile>
    <ClCompile Include="DlgPerforceDescription.cpp">
      <Filter>Source Files\Dialogs</Filter>
    </ClCompile>
    <ClCompile Include="DlgPerforceOnNewFiles.cpp">
      <Filter>Source Files\Dialogs</Filter>
    </ClCompile>
    <ClCompile Include="DlgRename.cpp">
      <Filter>Source Files\Dialogs</Filter>
    </ClCompile>
    <ClCompile Include="DllInterface.cpp">
      <Filter>Source Files\Dll Interface</Filter>
    </ClCompile>
    <ClCompile Include="..\Common\OperationResults.cpp">
      <Filter>Source Files\Common</Filter>
    </ClCompile>
    <ClCompile Include="..\Common\SourceControlHelpers.cpp">
      <Filter>Source Files\Common</Filter>
    </ClCompile>
  </ItemGroup>
  <ItemGroup>
    <ClInclude Include="Perforce.h">
      <Filter>Source Files\Plugin</Filter>
    </ClInclude>
    <ClInclude Include="DlgPerforceConfig.h">
      <Filter>Source Files\Dialogs</Filter>
    </ClInclude>
    <ClInclude Include="DlgPerforceDescription.h">
      <Filter>Source Files\Dialogs</Filter>
    </ClInclude>
    <ClInclude Include="DlgPerforceOnNewFiles.h">
      <Filter>Source Files\Dialogs</Filter>
    </ClInclude>
    <ClInclude Include="DlgRename.h">
      <Filter>Source Files\Dialogs</Filter>
    </ClInclude>
    <ClInclude Include="..\Common\OperationResults.h">
      <Filter>Source Files\Common</Filter>
    </ClInclude>
    <ClInclude Include="..\Common\SourceControlHelpers.h">
      <Filter>Source Files\Common</Filter>
    </ClInclude>
    <ClInclude Include="PerforcePlugin.h">
      <Filter>Header Files</Filter>
    </ClInclude>
    <ClInclude Include="Resource.h">
      <Filter>Header Files</Filter>
    </ClInclude>
    <ClInclude Include="stdafx.h">
      <Filter>Header Files</Filter>
    </ClInclude>
  </ItemGroup>
  <ItemGroup>
    <ResourceCompile Include="Perforce.rc">
      <Filter>Resource Files</Filter>
    </ResourceCompile>
  </ItemGroup>
  <ItemGroup>
    <Image Include="PerforceStatus_Add.ico">
      <Filter>Resource Files</Filter>
    </Image>
    <Image Include="PerforceStatus_BothCheckout.ico">
      <Filter>Resource Files</Filter>
    </Image>
    <Image Include="PerforceStatus_CheckedOut.ico">
      <Filter>Resource Files</Filter>
    </Image>
    <Image Include="PerforceStatus_Normal.ico">
      <Filter>Resource Files</Filter>
    </Image>
    <Image Include="PerforceStatus_OtherCheckout.ico">
      <Filter>Resource Files</Filter>
    </Image>
    <Image Include="PerforceStatus_outdated_BothCheckout.ico">
      <Filter>Resource Files</Filter>
    </Image>
    <Image Include="PerforceStatus_outdated_CheckedOut.ico">
      <Filter>Resource Files</Filter>
    </Image>
    <Image Include="PerforceStatus_outdated_Normal.ico">
      <Filter>Resource Files</Filter>
    </Image>
    <Image Include="PerforceStatus_outdated_OtherCheckout.ico">
      <Filter>Resource Files</Filter>
    </Image>
  </ItemGroup>
</Project>